
Microsoft Visual Studio Solution File, Format Version 12.00
# Visual Studio Version 16
VisualStudioVersion = 16.0.30320.27
MinimumVisualStudioVersion = 10.0.40219.1
Project("{FAE04EC0-301F-11D3-BF4B-00C04F79EFBC}") = "wfc_gh", "wfc_gh.csproj", "{DF8F42E0-6F97-424A-941D-E51A0B18DD9E}"
EndProject
Global
	GlobalSection(SolutionConfigurationPlatforms) = preSolution
		Debug|Any CPU = Debug|Any CPU
		Release|Any CPU = Release|Any CPU
	EndGlobalSection
	GlobalSection(ProjectConfigurationPlatforms) = postSolution
		{DF8F42E0-6F97-424A-941D-E51A0B18DD9E}.Debug|Any CPU.ActiveCfg = Debug|Any CPU
		{DF8F42E0-6F97-424A-941D-E51A0B18DD9E}.Debug|Any CPU.Build.0 = Debug|Any CPU
		{DF8F42E0-6F97-424A-941D-E51A0B18DD9E}.Release|Any CPU.ActiveCfg = Release|Any CPU
		{DF8F42E0-6F97-424A-941D-E51A0B18DD9E}.Release|Any CPU.Build.0 = Release|Any CPU
	EndGlobalSection
	GlobalSection(SolutionProperties) = preSolution
		HideSolutionNode = FALSE
	EndGlobalSection
	GlobalSection(ExtensibilityGlobals) = postSolution
		SolutionGuid = {3CD1F771-ECCE-415F-8CD7-60F5E66E8278}
	EndGlobalSection
EndGlobal
